# This file is automatically @generated by Cargo.
# It is not intended for manual editing.
version = 4

[[package]]
name = "fountain-app"
version = "0.1.0"
dependencies = [
 "fountain-core",
 "fountain-render",
]

[[package]]
name = "fountain-cli"
version = "0.1.0"
dependencies = [
 "fountain-core",
 "fountain-render",
]

[[package]]
name = "fountain-core"
version = "0.1.0"

[[package]]
name = "fountain-render"
version = "0.1.0"
dependencies = [
 "fountain-core",
]
